
Microsoft Visual Studio Solution File, Format Version 12.00
# Visual Studio Version 16
VisualStudioVersion = 16.0.31205.134
MinimumVisualStudioVersion = 10.0.40219.1
Project("{8BC9CEB8-8B4A-11D0-8D11-00A0C91BC942}") = "Chapter2", "Chapter2\Chapter2.vcxproj", "{6B41FC96-9B5F-463F-B099-D32D25E8B10C}"
EndProject
Project("{8BC9CEB8-8B4A-11D0-8D11-00A0C91BC942}") = "TestWin32", "TestWin32\TestWin32.vcxproj", "{944415FC-677E-47E6-994F-55CB31B2486B}"
EndProject
Global
	GlobalSection(SolutionConfigurationPlatforms) = preSolution
		Debug|x64 = Debug|x64
		Debug|x86 = Debug|x86
		Release|x64 = Release|x64
		Release|x86 = Release|x86
	EndGlobalSection
	GlobalSection(ProjectConfigurationPlatforms) = postSolution
		{6B41FC96-9B5F-463F-B099-D32D25E8B10C}.Debug|x64.ActiveCfg = Debug|x64
		{6B41FC96-9B5F-463F-B099-D32D25E8B10C}.Debug|x64.Build.0 = Debug|x64
		{6B41FC96-9B5F-463F-B099-D32D25E8B10C}.Debug|x86.ActiveCfg = Debug|Win32
		{6B41FC96-9B5F-463F-B099-D32D25E8B10C}.Debug|x86.Build.0 = Debug|Win32
		{6B41FC96-9B5F-463F-B099-D32D25E8B10C}.Release|x64.ActiveCfg = Release|x64
		{6B41FC96-9B5F-463F-B099-D32D25E8B10C}.Release|x64.Build.0 = Release|x64
		{6B41FC96-9B5F-463F-B099-D32D25E8B10C}.Release|x86.ActiveCfg = Release|Win32
		{6B41FC96-9B5F-463F-B099-D32D25E8B10C}.Release|x86.Build.0 = Release|Win32
		{944415FC-677E-47E6-994F-55CB31B2486B}.Debug|x64.ActiveCfg = Debug|x64
		{944415FC-677E-47E6-994F-55CB31B2486B}.Debug|x64.Build.0 = Debug|x64
		{944415FC-677E-47E6-994F-55CB31B2486B}.Debug|x86.ActiveCfg = Debug|Win32
		{944415FC-677E-47E6-994F-55CB31B2486B}.Debug|x86.Build.0 = Debug|Win32
		{944415FC-677E-47E6-994F-55CB31B2486B}.Release|x64.ActiveCfg = Release|x64
		{944415FC-677E-47E6-994F-55CB31B2486B}.Release|x64.Build.0 = Release|x64
		{944415FC-677E-47E6-994F-55CB31B2486B}.Release|x86.ActiveCfg = Release|Win32
		{944415FC-677E-47E6-994F-55CB31B2486B}.Release|x86.Build.0 = Release|Win32
	EndGlobalSection
	GlobalSection(SolutionProperties) = preSolution
		HideSolutionNode = FALSE
	EndGlobalSection
	GlobalSection(ExtensibilityGlobals) = postSolution
		SolutionGuid = {F5797124-46E6-4D58-AFF1-C59D2EFF056B}
	EndGlobalSection
EndGlobal
