<?xml version="1.0" encoding="utf-8"?>
<Project ToolsVersion="4.0" xmlns="http://schemas.microsoft.com/developer/msbuild/2003">
  <ItemGroup>
    <Filter Include="Source Files">
      <UniqueIdentifier>{4FC737F1-C7A5-4376-A066-2A32D752A2FF}</UniqueIdentifier>
      <Extensions>cpp;c;cc;cxx;c++;cppm;ixx;def;odl;idl;hpj;bat;asm;asmx</Extensions>
    </Filter>
    <Filter Include="Resource Files">
      <UniqueIdentifier>{67DA6AB6-F800-4c08-8B7A-83BB121AAD01}</UniqueIdentifier>
      <Extensions>rc;ico;cur;bmp;dlg;rc2;rct;bin;rgs;gif;jpg;jpeg;jpe;resx;tiff;tif;png;wav;mfcribbon-ms</Extensions>
    </Filter>
    <Filter Include="Source Files\3rd">
      <UniqueIdentifier>{c0b8a3e2-3261-4a80-89ba-8ae6c74a5b9a}</UniqueIdentifier>
    </Filter>
    <Filter Include="Source Files\3rd\glad">
      <UniqueIdentifier>{d63b21a8-9ccc-47fc-8025-f40dbbb88168}</UniqueIdentifier>
    </Filter>
    <Filter Include="Source Files\3rd\stb">
      <UniqueIdentifier>{c6ebd4e3-9493-488c-a957-2817e2dc9a7b}</UniqueIdentifier>
    </Filter>
    <Filter Include="Shaders">
      <UniqueIdentifier>{8a2d8348-968d-4b60-9906-74c3b942650c}</UniqueIdentifier>
    </Filter>
    <Filter Include="Assets">
      <UniqueIdentifier>{b0a988d5-fcef-4033-8122-4a1c44cc5542}</UniqueIdentifier>
    </Filter>
    <Filter Include="Header Files">
      <UniqueIdentifier>{93995380-89BD-4b04-88EB-625FBE52EBFB}</UniqueIdentifier>
      <Extensions>h;hh;hpp;hxx;h++;hm;inl;inc;ipp;xsd</Extensions>
    </Filter>
    <Filter Include="Header Files\3rd">
      <UniqueIdentifier>{f1dfaa4f-5caf-4c69-a5d9-fdf894da09c5}</UniqueIdentifier>
    </Filter>
    <Filter Include="Header Files\3rd\glad">
      <UniqueIdentifier>{79d13671-d78f-4888-bdd3-3b053fa7c43d}</UniqueIdentifier>
    </Filter>
    <Filter Include="Header Files\3rd\stb">
      <UniqueIdentifier>{0e4de45f-ec95-41da-8403-faf6b8ae5748}</UniqueIdentifier>
    </Filter>
    <Filter Include="Source Files\OpenGL">
      <UniqueIdentifier>{3add66dc-d53f-4d08-b04c-a580e8f19210}</UniqueIdentifier>
    </Filter>
    <Filter Include="Header Files\OpenGL">
      <UniqueIdentifier>{a5b35a78-6847-4148-a0c9-ff581ca9a5b7}</UniqueIdentifier>
    </Filter>
    <Filter Include="Source Files\Math">
      <UniqueIdentifier>{1a2375fc-ba42-48d1-b266-508864a6e68b}</UniqueIdentifier>
    </Filter>
    <Filter Include="Source Files\Samples">
      <UniqueIdentifier>{38de3a79-c977-4d90-8f49-d2194d037b20}</UniqueIdentifier>
    </Filter>
    <Filter Include="Header Files\Samples">
      <UniqueIdentifier>{c78d50a8-b5d4-46fd-bf40-171b19a5444e}</UniqueIdentifier>
    </Filter>
    <Filter Include="Header Files\Math">
      <UniqueIdentifier>{0992aca9-8906-4654-8fd4-7ab581cd0637}</UniqueIdentifier>
    </Filter>
    <Filter Include="Header Files\3rd\cgltf">
      <UniqueIdentifier>{e1295175-b2d9-4a68-9986-7828cb8d1699}</UniqueIdentifier>
    </Filter>
    <Filter Include="Source Files\3rd\cgltf">
      <UniqueIdentifier>{76c9dce5-cb3f-4168-b007-3679a18abffa}</UniqueIdentifier>
    </Filter>
    <Filter Include="Source Files\GLTF">
      <UniqueIdentifier>{b5211d1a-a72a-498c-a0b8-6619908cd865}</UniqueIdentifier>
    </Filter>
    <Filter Include="Header Files\GLTF">
      <UniqueIdentifier>{84b8ba76-82b9-463f-a3bf-d9cb162e0463}</UniqueIdentifier>
    </Filter>
    <Filter Include="Source Files\Animation">
      <UniqueIdentifier>{33e65714-b17b-4665-b0f2-5a492940a70f}</UniqueIdentifier>
    </Filter>
    <Filter Include="Header Files\Animation">
      <UniqueIdentifier>{630bbb63-2d45-4164-8ba1-7f8149ba55c8}</UniqueIdentifier>
    </Filter>
  </ItemGroup>
  <ItemGroup>
    <ClCompile Include="WinMain.cpp">
      <Filter>Source Files</Filter>
    </ClCompile>
    <ClCompile Include="3rd\glad\glad.c">
      <Filter>Source Files\3rd\glad</Filter>
    </ClCompile>
    <ClCompile Include="math\mat4.cpp">
      <Filter>Source Files\Math</Filter>
    </ClCompile>
    <ClCompile Include="math\quat.cpp">
      <Filter>Source Files\Math</Filter>
    </ClCompile>
    <ClCompile Include="math\vec3.cpp">
      <Filter>Source Files\Math</Filter>
    </ClCompile>
    <ClCompile Include="3rd\stb\std_image.cpp">
      <Filter>Source Files\3rd\stb</Filter>
    </ClCompile>
    <ClCompile Include="samples\Chapter06Sample01.cpp">
      <Filter>Source Files\Samples</Filter>
    </ClCompile>
    <ClCompile Include="OpenGL\Attribute.cpp">
      <Filter>Source Files\OpenGL</Filter>
    </ClCompile>
    <ClCompile Include="OpenGL\DebugDraw.cpp">
      <Filter>Source Files\OpenGL</Filter>
    </ClCompile>
    <ClCompile Include="OpenGL\Draw.cpp">
      <Filter>Source Files\OpenGL</Filter>
    </ClCompile>
    <ClCompile Include="OpenGL\IndexBuffer.cpp">
      <Filter>Source Files\OpenGL</Filter>
    </ClCompile>
    <ClCompile Include="OpenGL\Shader.cpp">
      <Filter>Source Files\OpenGL</Filter>
    </ClCompile>
    <ClCompile Include="OpenGL\Texture.cpp">
      <Filter>Source Files\OpenGL</Filter>
    </ClCompile>
    <ClCompile Include="OpenGL\Uniform.cpp">
      <Filter>Source Files\OpenGL</Filter>
    </ClCompile>
    <ClCompile Include="3rd\cgltf\cgltf.c">
      <Filter>Source Files\3rd\cgltf</Filter>
    </ClCompile>
    <ClCompile Include="GLTF\GLTFLoader.cpp">
      <Filter>Source Files\GLTF</Filter>
    </ClCompile>
    <ClCompile Include="Animation\Track.cpp">
      <Filter>Source Files\Animation</Filter>
    </ClCompile>
    <ClCompile Include="Animation\TransformTrack.cpp">
      <Filter>Source Files\Animation</Filter>
    </ClCompile>
    <ClCompile Include="Samples\Chapter08Sample01.cpp">
      <Filter>Source Files\Samples</Filter>
    </ClCompile>
  </ItemGroup>
  <ItemGroup>
    <ClInclude Include="3rd\glad\glad.h">
      <Filter>Header Files\3rd\glad</Filter>
    </ClInclude>
    <ClInclude Include="3rd\glad\khrplatform.h">
      <Filter>Header Files\3rd\glad</Filter>
    </ClInclude>
    <ClInclude Include="math\mat4.h">
      <Filter>Header Files\Math</Filter>
    </ClInclude>
    <ClInclude Include="math\quat.h">
      <Filter>Header Files\Math</Filter>
    </ClInclude>
    <ClInclude Include="math\vec2.h">
      <Filter>Header Files\Math</Filter>
    </ClInclude>
    <ClInclude Include="math\vec3.h">
      <Filter>Header Files\Math</Filter>
    </ClInclude>
    <ClInclude Include="math\vec4.h">
      <Filter>Header Files\Math</Filter>
    </ClInclude>
    <ClInclude Include="3rd\stb\stb_image.h">
      <Filter>Header Files\3rd\stb</Filter>
    </ClInclude>
    <ClInclude Include="samples\Chapter06Sample01.h">
      <Filter>Header Files\Samples</Filter>
    </ClInclude>
    <ClInclude Include="Samples\Application.h">
      <Filter>Header Files\Samples</Filter>
    </ClInclude>
    <ClInclude Include="OpenGL\Attribute.h">
      <Filter>Header Files\OpenGL</Filter>
    </ClInclude>
    <ClInclude Include="OpenGL\DebugDraw.h">
      <Filter>Header Files\OpenGL</Filter>
    </ClInclude>
    <ClInclude Include="OpenGL\Draw.h">
      <Filter>Header Files\OpenGL</Filter>
    </ClInclude>
    <ClInclude Include="OpenGL\IndexBuffer.h">
      <Filter>Header Files\OpenGL</Filter>
    </ClInclude>
    <ClInclude Include="OpenGL\Shader.h">
      <Filter>Header Files\OpenGL</Filter>
    </ClInclude>
    <ClInclude Include="OpenGL\Texture.h">
      <Filter>Header Files\OpenGL</Filter>
    </ClInclude>
    <ClInclude Include="OpenGL\Uniform.h">
      <Filter>Header Files\OpenGL</Filter>
    </ClInclude>
    <ClInclude Include="3rd\cgltf\cgltf.h">
      <Filter>Header Files\3rd\cgltf</Filter>
    </ClInclude>
    <ClInclude Include="GLTF\GLTFLoader.h">
      <Filter>Header Files\GLTF</Filter>
    </ClInclude>
    <ClInclude Include="Animation\Interpolation.h">
      <Filter>Header Files\Animation</Filter>
    </ClInclude>
    <ClInclude Include="Animation\Frame.h">
      <Filter>Header Files\Animation</Filter>
    </ClInclude>
    <ClInclude Include="Animation\Track.h">
      <Filter>Header Files\Animation</Filter>
    </ClInclude>
    <ClInclude Include="Animation\TransformTrack.h">
      <Filter>Header Files\Animation</Filter>
    </ClInclude>
    <ClInclude Include="Samples\Chapter08Sample01.h">
      <Filter>Header Files\Samples</Filter>
    </ClInclude>
  </ItemGroup>
  <ItemGroup>
    <None Include="Shaders\static.vert">
      <Filter>Shaders</Filter>
    </None>
    <None Include="Shaders\lit.frag">
      <Filter>Shaders</Filter>
    </None>
    <None Include="Assets\dq.gltf">
      <Filter>Assets</Filter>
    </None>
    <None Include="Assets\IKCourse.gltf">
      <Filter>Assets</Filter>
    </None>
    <None Include="Assets\Woman.gltf">
      <Filter>Assets</Filter>
    </None>
  </ItemGroup>
  <ItemGroup>
    <Image Include="Assets\dq.png">
      <Filter>Assets</Filter>
    </Image>
    <Image Include="Assets\uv.png">
      <Filter>Assets</Filter>
    </Image>
    <Image Include="Assets\Woman.png">
      <Filter>Assets</Filter>
    </Image>
  </ItemGroup>
</Project>